
Microsoft Visual Studio Solution File, Format Version 12.00
# Visual Studio Version 16
VisualStudioVersion = 16.0.31829.152
MinimumVisualStudioVersion = 10.0.40219.1
Project("{9A19103F-16F7-4668-BE54-9A1E7A4F7556}") = "MoonSharp_LuaTest", "LuaTest\MoonSharp_LuaTest.csproj", "{437C5D0C-7554-4AAA-B24E-2C66C477E243}"
EndProject
Global
	GlobalSection(SolutionConfigurationPlatforms) = preSolution
		Debug|Any CPU = Debug|Any CPU
		Release|Any CPU = Release|Any CPU
	EndGlobalSection
	GlobalSection(ProjectConfigurationPlatforms) = postSolution
		{437C5D0C-7554-4AAA-B24E-2C66C477E243}.Debug|Any CPU.ActiveCfg = Debug|Any CPU
		{437C5D0C-7554-4AAA-B24E-2C66C477E243}.Debug|Any CPU.Build.0 = Debug|Any CPU
		{437C5D0C-7554-4AAA-B24E-2C66C477E243}.Release|Any CPU.ActiveCfg = Release|Any CPU
		{437C5D0C-7554-4AAA-B24E-2C66C477E243}.Release|Any CPU.Build.0 = Release|Any CPU
	EndGlobalSection
	GlobalSection(SolutionProperties) = preSolution
		HideSolutionNode = FALSE
	EndGlobalSection
	GlobalSection(ExtensibilityGlobals) = postSolution
		SolutionGuid = {5568D431-838C-430D-BBB5-1728C942D8E9}
	EndGlobalSection
EndGlobal
